// !$*UTF8*$!
{
	archiveVersion = 1;
	classes = {
	};
	objectVersion = 56;
	objects = {

/* Begin PBXBuildFile section */
		161161AF2A8F52F200B32B66 /* AppDelegate.swift in Sources */ = {isa = PBXBuildFile; fileRef = 161161AE2A8F52F200B32B66 /* AppDelegate.swift */; };
		161161B12A8F52F200B32B66 /* SceneDelegate.swift in Sources */ = {isa = PBXBuildFile; fileRef = 161161B02A8F52F200B32B66 /* SceneDelegate.swift */; };
		161161B32A8F52F200B32B66 /* ViewController.swift in Sources */ = {isa = PBXBuildFile; fileRef = 161161B22A8F52F200B32B66 /* ViewController.swift */; };
		161161BB2A8F52F300B32B66 /* LaunchScreen.storyboard in Resources */ = {isa = PBXBuildFile; fileRef = 161161B92A8F52F300B32B66 /* LaunchScreen.storyboard */; };
		161161C32A8F53A100B32B66 /* Main.storyboard in Resources */ = {isa = PBXBuildFile; fileRef = 161161C22A8F53A100B32B66 /* Main.storyboard */; };
		161161C52A8F53B300B32B66 /* Assets.xcassets in Resources */ = {isa = PBXBuildFile; fileRef = 161161C42A8F53B300B32B66 /* Assets.xcassets */; };
		161161CA2A8F53F500B32B66 /* CoinManager.swift in Sources */ = {isa = PBXBuildFile; fileRef = 161161C92A8F53F500B32B66 /* CoinManager.swift */; };
		161161CC2A8F5BBF00B32B66 /* CoinModel.swift in Sources */ = {isa = PBXBuildFile; fileRef = 161161CB2A8F5BBF00B32B66 /* CoinModel.swift */; };
/* End PBXBuildFile section */

/* Begin PBXFileReference section */
		161161AB2A8F52F200B32B66 /* Marathone 8.0 ByteCoin.app */ = {isa = PBXFileReference; explicitFileType = wrapper.application; includeInIndex = 0; path = "Marathone 8.0 ByteCoin.app"; sourceTree = BUILT_PRODUCTS_DIR; };
		161161AE2A8F52F200B32B66 /* AppDelegate.swift */ = {isa = PBXFileReference; lastKnownFileType = sourcecode.swift; path = AppDelegate.swift; sourceTree = "<group>"; };
		161161B02A8F52F200B32B66 /* SceneDelegate.swift */ = {isa = PBXFileReference; lastKnownFileType = sourcecode.swift; path = SceneDelegate.swift; sourceTree = "<group>"; };
		161161B22A8F52F200B32B66 /* ViewController.swift */ = {isa = PBXFileReference; lastKnownFileType = sourcecode.swift; path = ViewController.swift; sourceTree = "<group>"; };
		161161BA2A8F52F300B32B66 /* Base */ = {isa = PBXFileReference; lastKnownFileType = file.storyboard; name = Base; path = Base.lproj/LaunchScreen.storyboard; sourceTree = "<group>"; };
		161161BC2A8F52F300B32B66 /* Info.plist */ = {isa = PBXFileReference; lastKnownFileType = text.plist.xml; path = Info.plist; sourceTree = "<group>"; };
		161161C22A8F53A100B32B66 /* Main.storyboard */ = {isa = PBXFileReference; fileEncoding = 4; lastKnownFileType = file.storyboard; path = Main.storyboard; sourceTree = "<group>"; };
		161161C42A8F53B300B32B66 /* Assets.xcassets */ = {isa = PBXFileReference; lastKnownFileType = folder.assetcatalog; path = Assets.xcassets; sourceTree = "<group>"; };
		161161C92A8F53F500B32B66 /* CoinManager.swift */ = {isa = PBXFileReference; lastKnownFileType = sourcecode.swift; path = CoinManager.swift; sourceTree = "<group>"; };
		161161CB2A8F5BBF00B32B66 /* CoinModel.swift */ = {isa = PBXFileReference; lastKnownFileType = sourcecode.swift; path = CoinModel.swift; sourceTree = "<group>"; };
/* End PBXFileReference section */

/* Begin PBXFrameworksBuildPhase section */
		161161A82A8F52F200B32B66 /* Frameworks */ = {
			isa = PBXFrameworksBuildPhase;
			buildActionMask = 2147483647;
			files = (
			);
			runOnlyForDeploymentPostprocessing = 0;
		};
/* End PBXFrameworksBuildPhase section */

/* Begin PBXGroup section */
		161161A22A8F52F200B32B66 = {
			isa = PBXGroup;
			children = (
				161161AD2A8F52F200B32B66 /* Marathone 8.0 ByteCoin */,
				161161AC2A8F52F200B32B66 /* Products */,
			);
			sourceTree = "<group>";
		};
		161161AC2A8F52F200B32B66 /* Products */ = {
			isa = PBXGroup;
			children = (
				161161AB2A8F52F200B32B66 /* Marathone 8.0 ByteCoin.app */,
			);
			name = Products;
			sourceTree = "<group>";
		};
		161161AD2A8F52F200B32B66 /* Marathone 8.0 ByteCoin */ = {
			isa = PBXGroup;
			children = (
				161161AE2A8F52F200B32B66 /* AppDelegate.swift */,
				161161B02A8F52F200B32B66 /* SceneDelegate.swift */,
				161161C82A8F53DE00B32B66 /* Model */,
				161161C72A8F53D500B32B66 /* View */,
				161161C62A8F53CA00B32B66 /* Controller */,
				161161B92A8F52F300B32B66 /* LaunchScreen.storyboard */,
				161161C42A8F53B300B32B66 /* Assets.xcassets */,
				161161BC2A8F52F300B32B66 /* Info.plist */,
			);
			path = "Marathone 8.0 ByteCoin";
			sourceTree = "<group>";
		};
		161161C62A8F53CA00B32B66 /* Controller */ = {
			isa = PBXGroup;
			children = (
				161161B22A8F52F200B32B66 /* ViewController.swift */,
			);
			path = Controller;
			sourceTree = "<group>";
		};
		161161C72A8F53D500B32B66 /* View */ = {
			isa = PBXGroup;
			children = (
				161161C22A8F53A100B32B66 /* Main.storyboard */,
			);
			path = View;
			sourceTree = "<group>";
		};
		161161C82A8F53DE00B32B66 /* Model */ = {
			isa = PBXGroup;
			children = (
				161161C92A8F53F500B32B66 /* CoinManager.swift */,
				161161CB2A8F5BBF00B32B66 /* CoinModel.swift */,
			);
			path = Model;
			sourceTree = "<group>";
		};
/* End PBXGroup section */

/* Begin PBXNativeTarget section */
		161161AA2A8F52F200B32B66 /* Marathone 8.0 ByteCoin */ = {
			isa = PBXNativeTarget;
			buildConfigurationList = 161161BF2A8F52F300B32B66 /* Build configuration list for PBXNativeTarget "Marathone 8.0 ByteCoin" */;
			buildPhases = (
				161161A72A8F52F200B32B66 /* Sources */,
				161161A82A8F52F200B32B66 /* Frameworks */,
				161161A92A8F52F200B32B66 /* Resources */,
			);
			buildRules = (
			);
			dependencies = (
			);
			name = "Marathone 8.0 ByteCoin";
			productName = "Marathone 8.0 ByteCoin";
			productReference = 161161AB2A8F52F200B32B66 /* Marathone 8.0 ByteCoin.app */;
			productType = "com.apple.product-type.application";
		};
/* End PBXNativeTarget section */

/* Begin PBXProject section */
		161161A32A8F52F200B32B66 /* Project object */ = {
			isa = PBXProject;
			attributes = {
				BuildIndependentTargetsInParallel = 1;
				LastSwiftUpdateCheck = 1420;
				LastUpgradeCheck = 1420;
				TargetAttributes = {
					161161AA2A8F52F200B32B66 = {
						CreatedOnToolsVersion = 14.2;
					};
				};
			};
			buildConfigurationList = 161161A62A8F52F200B32B66 /* Build configuration list for PBXProject "Marathone 8.0 ByteCoin" */;
			compatibilityVersion = "Xcode 14.0";
			developmentRegion = en;
			hasScannedForEncodings = 0;
			knownRegions = (
				en,
				Base,
			);
			mainGroup = 161161A22A8F52F200B32B66;
			productRefGroup = 161161AC2A8F52F200B32B66 /* Products */;
			projectDirPath = "";
			projectRoot = "";
			targets = (
				161161AA2A8F52F200B32B66 /* Marathone 8.0 ByteCoin */,
			);
		};
/* End PBXProject section */

/* Begin PBXResourcesBuildPhase section */
		161161A92A8F52F200B32B66 /* Resources */ = {
			isa = PBXResourcesBuildPhase;
			buildActionMask = 2147483647;
			files = (
				161161C32A8F53A100B32B66 /* Main.storyboard in Resources */,
				161161C52A8F53B300B32B66 /* Assets.xcassets in Resources */,
				161161BB2A8F52F300B32B66 /* LaunchScreen.storyboard in Resources */,
			);
			runOnlyForDeploymentPostprocessing = 0;
		};
/* End PBXResourcesBuildPhase section */

/* Begin PBXSourcesBuildPhase section */
		161161A72A8F52F200B32B66 /* Sources */ = {
			isa = PBXSourcesBuildPhase;
			buildActionMask = 2147483647;
			files = (
				161161CC2A8F5BBF00B32B66 /* CoinModel.swift in Sources */,
				161161CA2A8F53F500B32B66 /* CoinManager.swift in Sources */,
				161161B32A8F52F200B32B66 /* ViewController.swift in Sources */,
				161161AF2A8F52F200B32B66 /* AppDelegate.swift in Sources */,
				161161B12A8F52F200B32B66 /* SceneDelegate.swift in Sources */,
			);
			runOnlyForDeploymentPostprocessing = 0;
		};
/* End PBXSourcesBuildPhase section */

/* Begin PBXVariantGroup section */
		161161B92A8F52F300B32B66 /* LaunchScreen.storyboard */ = {
			isa = PBXVariantGroup;
			children = (
				161161BA2A8F52F300B32B66 /* Base */,
			);
			name = LaunchScreen.storyboard;
			sourceTree = "<group>";
		};
/* End PBXVariantGroup section */

/* Begin XCBuildConfiguration section */
		161161BD2A8F52F300B32B66 /* Debug */ = {
			isa = XCBuildConfiguration;
			buildSettings = {
				ALWAYS_SEARCH_USER_PATHS = NO;
				CLANG_ANALYZER_NONNULL = YES;
				CLANG_ANALYZER_NUMBER_OBJECT_CONVERSION = YES_AGGRESSIVE;
				CLANG_CXX_LANGUAGE_STANDARD = "gnu++20";
				CLANG_ENABLE_MODULES = YES;
				CLANG_ENABLE_OBJC_ARC = YES;
				CLANG_ENABLE_OBJC_WEAK = YES;
				CLANG_WARN_BLOCK_CAPTURE_AUTORELEASING = YES;
				CLANG_WARN_BOOL_CONVERSION = YES;
				CLANG_WARN_COMMA = YES;
				CLANG_WARN_CONSTANT_CONVERSION = YES;
				CLANG_WARN_DEPRECATED_OBJC_IMPLEMENTATIONS = YES;
				CLANG_WARN_DIRECT_OBJC_ISA_USAGE = YES_ERROR;
				CLANG_WARN_DOCUMENTATION_COMMENTS = YES;
				CLANG_WARN_EMPTY_BODY = YES;
				CLANG_WARN_ENUM_CONVERSION = YES;
				CLANG_WARN_INFINITE_RECURSION = YES;
				CLANG_WARN_INT_CONVERSION = YES;
				CLANG_WARN_NON_LITERAL_NULL_CONVERSION = YES;
				CLANG_WARN_OBJC_IMPLICIT_RETAIN_SELF = YES;
				CLANG_WARN_OBJC_LITERAL_CONVERSION = YES;
				CLANG_WARN_OBJC_ROOT_CLASS = YES_ERROR;
				CLANG_WARN_QUOTED_INCLUDE_IN_FRAMEWORK_HEADER = YES;
				CLANG_WARN_RANGE_LOOP_ANALYSIS = YES;
				CLANG_WARN_STRICT_PROTOTYPES = YES;
				CLANG_WARN_SUSPICIOUS_MOVE = YES;
				CLANG_WARN_UNGUARDED_AVAILABILITY = YES_AGGRESSIVE;
				CLANG_WARN_UNREACHABLE_CODE = YES;
				CLANG_WARN__DUPLICATE_METHOD_MATCH = YES;
				COPY_PHASE_STRIP = NO;
				DEBUG_INFORMATION_FORMAT = dwarf;
				ENABLE_STRICT_OBJC_MSGSEND = YES;
				ENABLE_TESTABILITY = YES;
				GCC_C_LANGUAGE_STANDARD = gnu11;
				GCC_DYNAMIC_NO_PIC = NO;
				GCC_NO_COMMON_BLOCKS = YES;
				GCC_OPTIMIZATION_LEVEL = 0;
				GCC_PREPROCESSOR_DEFINITIONS = (
					"DEBUG=1",
					"$(inherited)",
				);
				GCC_WARN_64_TO_32_BIT_CONVERSION = YES;
				GCC_WARN_ABOUT_RETURN_TYPE = YES_ERROR;
				GCC_WARN_UNDECLARED_SELECTOR = YES;
				GCC_WARN_UNINITIALIZED_AUTOS = YES_AGGRESSIVE;
				GCC_WARN_UNUSED_FUNCTION = YES;
				GCC_WARN_UNUSED_VARIABLE = YES;
				IPHONEOS_DEPLOYMENT_TARGET = 16.2;
				MTL_ENABLE_DEBUG_INFO = INCLUDE_SOURCE;
				MTL_FAST_MATH = YES;
				ONLY_ACTIVE_ARCH = YES;
				SDKROOT = iphoneos;
				SWIFT_ACTIVE_COMPILATION_CONDITIONS = DEBUG;
				SWIFT_OPTIMIZATION_LEVEL = "-Onone";
			};
			name = Debug;
		};
		161161BE2A8F52F300B32B66 /* Release */ = {
			isa = XCBuildConfiguration;
			buildSettings = {
				ALWAYS_SEARCH_USER_PATHS = NO;
				CLANG_ANALYZER_NONNULL = YES;
				CLANG_ANALYZER_NUMBER_OBJECT_CONVERSION = YES_AGGRESSIVE;
				CLANG_CXX_LANGUAGE_STANDARD = "gnu++20";
				CLANG_ENABLE_MODULES = YES;
				CLANG_ENABLE_OBJC_ARC = YES;
				CLANG_ENABLE_OBJC_WEAK = YES;
				CLANG_WARN_BLOCK_CAPTURE_AUTORELEASING = YES;
				CLANG_WARN_BOOL_CONVERSION = YES;
				CLANG_WARN_COMMA = YES;
				CLANG_WARN_CONSTANT_CONVERSION = YES;
				CLANG_WARN_DEPRECATED_OBJC_IMPLEMENTATIONS = YES;
				CLANG_WARN_DIRECT_OBJC_ISA_USAGE = YES_ERROR;
				CLANG_WARN_DOCUMENTATION_COMMENTS = YES;
				CLANG_WARN_EMPTY_BODY = YES;
				CLANG_WARN_ENUM_CONVERSION = YES;
				CLANG_WARN_INFINITE_RECURSION = YES;
				CLANG_WARN_INT_CONVERSION = YES;
				CLANG_WARN_NON_LITERAL_NULL_CONVERSION = YES;
				CLANG_WARN_OBJC_IMPLICIT_RETAIN_SELF = YES;
				CLANG_WARN_OBJC_LITERAL_CONVERSION = YES;
				CLANG_WARN_OBJC_ROOT_CLASS = YES_ERROR;
				CLANG_WARN_QUOTED_INCLUDE_IN_FRAMEWORK_HEADER = YES;
				CLANG_WARN_RANGE_LOOP_ANALYSIS = YES;
				CLANG_WARN_STRICT_PROTOTYPES = YES;
				CLANG_WARN_SUSPICIOUS_MOVE = YES;
				CLANG_WARN_UNGUARDED_AVAILABILITY = YES_AGGRESSIVE;
				CLANG_WARN_UNREACHABLE_CODE = YES;
				CLANG_WARN__DUPLICATE_METHOD_MATCH = YES;
				COPY_PHASE_STRIP = NO;
				DEBUG_INFORMATION_FORMAT = "dwarf-with-dsym";
				ENABLE_NS_ASSERTIONS = NO;
				ENABLE_STRICT_OBJC_MSGSEND = YES;
				GCC_C_LANGUAGE_STANDARD = gnu11;
				GCC_NO_COMMON_BLOCKS = YES;
				GCC_WARN_64_TO_32_BIT_CONVERSION = YES;
				GCC_WARN_ABOUT_RETURN_TYPE = YES_ERROR;
				GCC_WARN_UNDECLARED_SELECTOR = YES;
				GCC_WARN_UNINITIALIZED_AUTOS = YES_AGGRESSIVE;
				GCC_WARN_UNUSED_FUNCTION = YES;
				GCC_WARN_UNUSED_VARIABLE = YES;
				IPHONEOS_DEPLOYMENT_TARGET = 16.2;
				MTL_ENABLE_DEBUG_INFO = NO;
				MTL_FAST_MATH = YES;
				SDKROOT = iphoneos;
				SWIFT_COMPILATION_MODE = wholemodule;
				SWIFT_OPTIMIZATION_LEVEL = "-O";
				VALIDATE_PRODUCT = YES;
			};
			name = Release;
		};
		161161C02A8F52F300B32B66 /* Debug */ = {
			isa = XCBuildConfiguration;
			buildSettings = {
				ASSETCATALOG_COMPILER_APPICON_NAME = AppIcon;
				ASSETCATALOG_COMPILER_GLOBAL_ACCENT_COLOR_NAME = AccentColor;
				CODE_SIGN_STYLE = Automatic;
				CURRENT_PROJECT_VERSION = 1;
				DEVELOPMENT_TEAM = W9HWC54SK4;
				GENERATE_INFOPLIST_FILE = YES;
				INFOPLIST_FILE = "Marathone 8.0 ByteCoin/Info.plist";
				INFOPLIST_KEY_UIApplicationSupportsIndirectInputEvents = YES;
				INFOPLIST_KEY_UILaunchStoryboardName = LaunchScreen;
				INFOPLIST_KEY_UIMainStoryboardFile = Main;
				INFOPLIST_KEY_UISupportedInterfaceOrientations_iPad = "UIInterfaceOrientationPortrait UIInterfaceOrientationPortraitUpsideDown UIInterfaceOrientationLandscapeLeft UIInterfaceOrientationLandscapeRight";
				INFOPLIST_KEY_UISupportedInterfaceOrientations_iPhone = "UIInterfaceOrientationPortrait UIInterfaceOrientationLandscapeLeft UIInterfaceOrientationLandscapeRight";
				LD_RUNPATH_SEARCH_PATHS = (
					"$(inherited)",
					"@executable_path/Frameworks",
				);
				MARKETING_VERSION = 1.0;
				PRODUCT_BUNDLE_IDENTIFIER = "com.IslamCrew.Marathone-8-0-ByteCoin";
				PRODUCT_NAME = "$(TARGET_NAME)";
				SWIFT_EMIT_LOC_STRINGS = YES;
				SWIFT_VERSION = 5.0;
				TARGETED_DEVICE_FAMILY = "1,2";
			};
			name = Debug;
		};
		161161C12A8F52F300B32B66 /* Release */ = {
			isa = XCBuildConfiguration;
			buildSettings = {
				ASSETCATALOG_COMPILER_APPICON_NAME = AppIcon;
				ASSETCATALOG_COMPILER_GLOBAL_ACCENT_COLOR_NAME = AccentColor;
				CODE_SIGN_STYLE = Automatic;
				CURRENT_PROJECT_VERSION = 1;
				DEVELOPMENT_TEAM = W9HWC54SK4;
				GENERATE_INFOPLIST_FILE = YES;
				INFOPLIST_FILE = "Marathone 8.0 ByteCoin/Info.plist";
				INFOPLIST_KEY_UIApplicationSupportsIndirectInputEvents = YES;
				INFOPLIST_KEY_UILaunchStoryboardName = LaunchScreen;
				INFOPLIST_KEY_UIMainStoryboardFile = Main;
				INFOPLIST_KEY_UISupportedInterfaceOrientations_iPad = "UIInterfaceOrientationPortrait UIInterfaceOrientationPortraitUpsideDown UIInterfaceOrientationLandscapeLeft UIInterfaceOrientationLandscapeRight";
				INFOPLIST_KEY_UISupportedInterfaceOrientations_iPhone = "UIInterfaceOrientationPortrait UIInterfaceOrientationLandscapeLeft UIInterfaceOrientationLandscapeRight";
				LD_RUNPATH_SEARCH_PATHS = (
					"$(inherited)",
					"@executable_path/Frameworks",
				);
				MARKETING_VERSION = 1.0;
				PRODUCT_BUNDLE_IDENTIFIER = "com.IslamCrew.Marathone-8-0-ByteCoin";
				PRODUCT_NAME = "$(TARGET_NAME)";
				SWIFT_EMIT_LOC_STRINGS = YES;
				SWIFT_VERSION = 5.0;
				TARGETED_DEVICE_FAMILY = "1,2";
			};
			name = Release;
		};
/* End XCBuildConfiguration section */

/* Begin XCConfigurationList section */
		161161A62A8F52F200B32B66 /* Build configuration list for PBXProject "Marathone 8.0 ByteCoin" */ = {
			isa = XCConfigurationList;
			buildConfigurations = (
				161161BD2A8F52F300B32B66 /* Debug */,
				161161BE2A8F52F300B32B66 /* Release */,
			);
			defaultConfigurationIsVisible = 0;
			defaultConfigurationName = Release;
		};
		161161BF2A8F52F300B32B66 /* Build configuration list for PBXNativeTarget "Marathone 8.0 ByteCoin" */ = {
			isa = XCConfigurationList;
			buildConfigurations = (
				161161C02A8F52F300B32B66 /* Debug */,
				161161C12A8F52F300B32B66 /* Release */,
			);
			defaultConfigurationIsVisible = 0;
			defaultConfigurationName = Release;
		};
/* End XCConfigurationList section */
	};
	rootObject = 161161A32A8F52F200B32B66 /* Project object */;
}
